
Microsoft Visual Studio Solution File, Format Version 12.00
# Visual Studio Version 17
VisualStudioVersion = 17.14.36623.8 d17.14
MinimumVisualStudioVersion = 10.0.40219.1
Project("{FAE04EC0-301F-11D3-BF4B-00C04F79EFBC}") = "PetGroomingAppointmentSystem", "PetGroomingAppointmentSystem.csproj", "{E3BAF8D3-5F64-D3BA-6B9D-0E324B01623B}"
EndProject
Global
	GlobalSection(SolutionConfigurationPlatforms) = preSolution
		Debug|Any CPU = Debug|Any CPU
		Release|Any CPU = Release|Any CPU
	EndGlobalSection
	GlobalSection(ProjectConfigurationPlatforms) = postSolution
		{E3BAF8D3-5F64-D3BA-6B9D-0E324B01623B}.Debug|Any CPU.ActiveCfg = Debug|Any CPU
		{E3BAF8D3-5F64-D3BA-6B9D-0E324B01623B}.Debug|Any CPU.Build.0 = Debug|Any CPU
		{E3BAF8D3-5F64-D3BA-6B9D-0E324B01623B}.Release|Any CPU.ActiveCfg = Release|Any CPU
		{E3BAF8D3-5F64-D3BA-6B9D-0E324B01623B}.Release|Any CPU.Build.0 = Release|Any CPU
	EndGlobalSection
	GlobalSection(SolutionProperties) = preSolution
		HideSolutionNode = FALSE
	EndGlobalSection
	GlobalSection(ExtensibilityGlobals) = postSolution
		SolutionGuid = {C04D23F3-4C09-4CBD-8076-46188A5DB0F8}
	EndGlobalSection
EndGlobal
